
Microsoft Visual Studio Solution File, Format Version 12.00
# Visual Studio Version 17
VisualStudioVersion = 17.14.36408.4 d17.14
MinimumVisualStudioVersion = 10.0.40219.1
Project("{FAE04EC0-301F-11D3-BF4B-00C04F79EFBC}") = "RFTestRecordManagementSystem", "RFTestRecordManagementSystem\RFTestRecordManagementSystem.csproj", "{77D3F41B-9A71-4602-96F0-08360108D3EC}"
EndProject
Project("{FAE04EC0-301F-11D3-BF4B-00C04F79EFBC}") = "RFTestRecordManagementSystem_Domain", "RFTestRecordManagementSystem_Domain\RFTestRecordManagementSystem_Domain.csproj", "{B59FC6E1-6910-4191-8722-F77BA79D42A6}"
EndProject
Project("{FAE04EC0-301F-11D3-BF4B-00C04F79EFBC}") = "RFTestRecordManagementSystem_Repository", "RFTestRecordManagementSystem_Repository\RFTestRecordManagementSystem_Repository.csproj", "{CD66F232-6063-47E2-9801-F91D30993FF6}"
EndProject
Project("{FAE04EC0-301F-11D3-BF4B-00C04F79EFBC}") = "RFTestRecordManagementSystem_Service", "RFTestRecordManagementSystem_Service\RFTestRecordManagementSystem_Service.csproj", "{3C6A7F97-75BF-4592-B1C7-3303DA7242EA}"
EndProject
Project("{FAE04EC0-301F-11D3-BF4B-00C04F79EFBC}") = "RFTestRecordManagementSystem.Infrastructure", "RFTestRecordManagementSystem.Infrastructure\RFTestRecordManagementSystem.Infrastructure.csproj", "{C88215D2-33ED-47A1-B27E-32CBD46BADA9}"
EndProject
Project("{FAE04EC0-301F-11D3-BF4B-00C04F79EFBC}") = "RFTestRecordManagementSystem.Tests", "RFTestRecordManagementSystem.Tests\RFTestRecordManagementSystem.Tests.csproj", "{6466CD5F-6E61-479C-932E-B2B5736049FF}"
EndProject
Project("{FAE04EC0-301F-11D3-BF4B-00C04F79EFBC}") = "RFTestRecordManagementSystem.Utilities", "RFTestRecordManagementSystem.Utilities\RFTestRecordManagementSystem.Utilities.csproj", "{91AB4578-8EE6-425C-89D3-4B082D884DDD}"
EndProject
Global
	GlobalSection(SolutionConfigurationPlatforms) = preSolution
		Debug|Any CPU = Debug|Any CPU
		Release|Any CPU = Release|Any CPU
	EndGlobalSection
	GlobalSection(ProjectConfigurationPlatforms) = postSolution
		{77D3F41B-9A71-4602-96F0-08360108D3EC}.Debug|Any CPU.ActiveCfg = Debug|Any CPU
		{77D3F41B-9A71-4602-96F0-08360108D3EC}.Debug|Any CPU.Build.0 = Debug|Any CPU
		{77D3F41B-9A71-4602-96F0-08360108D3EC}.Release|Any CPU.ActiveCfg = Release|Any CPU
		{77D3F41B-9A71-4602-96F0-08360108D3EC}.Release|Any CPU.Build.0 = Release|Any CPU
		{B59FC6E1-6910-4191-8722-F77BA79D42A6}.Debug|Any CPU.ActiveCfg = Debug|Any CPU
		{B59FC6E1-6910-4191-8722-F77BA79D42A6}.Debug|Any CPU.Build.0 = Debug|Any CPU
		{B59FC6E1-6910-4191-8722-F77BA79D42A6}.Release|Any CPU.ActiveCfg = Release|Any CPU
		{B59FC6E1-6910-4191-8722-F77BA79D42A6}.Release|Any CPU.Build.0 = Release|Any CPU
		{CD66F232-6063-47E2-9801-F91D30993FF6}.Debug|Any CPU.ActiveCfg = Debug|Any CPU
		{CD66F232-6063-47E2-9801-F91D30993FF6}.Debug|Any CPU.Build.0 = Debug|Any CPU
		{CD66F232-6063-47E2-9801-F91D30993FF6}.Release|Any CPU.ActiveCfg = Release|Any CPU
		{CD66F232-6063-47E2-9801-F91D30993FF6}.Release|Any CPU.Build.0 = Release|Any CPU
		{3C6A7F97-75BF-4592-B1C7-3303DA7242EA}.Debug|Any CPU.ActiveCfg = Debug|Any CPU
		{3C6A7F97-75BF-4592-B1C7-3303DA7242EA}.Debug|Any CPU.Build.0 = Debug|Any CPU
		{3C6A7F97-75BF-4592-B1C7-3303DA7242EA}.Release|Any CPU.ActiveCfg = Release|Any CPU
		{3C6A7F97-75BF-4592-B1C7-3303DA7242EA}.Release|Any CPU.Build.0 = Release|Any CPU
		{C88215D2-33ED-47A1-B27E-32CBD46BADA9}.Debug|Any CPU.ActiveCfg = Debug|Any CPU
		{C88215D2-33ED-47A1-B27E-32CBD46BADA9}.Debug|Any CPU.Build.0 = Debug|Any CPU
		{C88215D2-33ED-47A1-B27E-32CBD46BADA9}.Release|Any CPU.ActiveCfg = Release|Any CPU
		{C88215D2-33ED-47A1-B27E-32CBD46BADA9}.Release|Any CPU.Build.0 = Release|Any CPU
		{6466CD5F-6E61-479C-932E-B2B5736049FF}.Debug|Any CPU.ActiveCfg = Debug|Any CPU
		{6466CD5F-6E61-479C-932E-B2B5736049FF}.Debug|Any CPU.Build.0 = Debug|Any CPU
		{6466CD5F-6E61-479C-932E-B2B5736049FF}.Release|Any CPU.ActiveCfg = Release|Any CPU
		{6466CD5F-6E61-479C-932E-B2B5736049FF}.Release|Any CPU.Build.0 = Release|Any CPU
		{91AB4578-8EE6-425C-89D3-4B082D884DDD}.Debug|Any CPU.ActiveCfg = Debug|Any CPU
		{91AB4578-8EE6-425C-89D3-4B082D884DDD}.Debug|Any CPU.Build.0 = Debug|Any CPU
		{91AB4578-8EE6-425C-89D3-4B082D884DDD}.Release|Any CPU.ActiveCfg = Release|Any CPU
		{91AB4578-8EE6-425C-89D3-4B082D884DDD}.Release|Any CPU.Build.0 = Release|Any CPU
	EndGlobalSection
	GlobalSection(SolutionProperties) = preSolution
		HideSolutionNode = FALSE
	EndGlobalSection
	GlobalSection(ExtensibilityGlobals) = postSolution
		SolutionGuid = {4E1D1172-3C61-476F-B230-82DCAABB1F4A}
	EndGlobalSection
EndGlobal
